schema: '2.0'
stages:
  data_ingestion:
    cmd: python src/data_ingestion.py
    deps:
    - path: src/data_ingestion.py
      hash: md5
      md5: a54f4c4ac1a9e1717ad184e1fb19efe7
      size: 455
    outs:
    - path: data/raw/test.csv
      hash: md5
      md5: 7443713d68c4d3c19499b7eaba1c672d
      size: 508
    - path: data/raw/train.csv
      hash: md5
      md5: e3979e36262893c4bc47f559364f695e
      size: 1866
  feature_engineering:
    cmd: python src/feature_engineering.py
    deps:
    - path: data/raw/test.csv
      hash: md5
      md5: 7443713d68c4d3c19499b7eaba1c672d
      size: 508
    - path: data/raw/train.csv
      hash: md5
      md5: e3979e36262893c4bc47f559364f695e
      size: 1866
    - path: src/feature_engineering.py
      hash: md5
      md5: cc32b68b1031c43b174f2883666e2cd0
      size: 1366
    params:
      params.yaml:
        feature_engineering.n_components: 3
    outs:
    - path: data/processed/test_processed.csv
      hash: md5
      md5: e15c0fd16b4646ddc159172c97b25926
      size: 1254
    - path: data/processed/train_processed.csv
      hash: md5
      md5: e546a2fd929806caa56b25f218c383db
      size: 4978
  train_model:
    cmd: python src/model_training.py
    deps:
    - path: data/processed/train_processed.csv
      hash: md5
      md5: e546a2fd929806caa56b25f218c383db
      size: 4978
    - path: src/model_training.py
      hash: md5
      md5: 04d4f53931512b25dc57bc52f781939d
      size: 910
    params:
      params.yaml:
        model_training.bootstrap: true
        model_training.criterion: entropy
        model_training.max_depth: 15
        model_training.n_estimators: 40
    outs:
    - path: model.pkl
      hash: md5
      md5: 45d4af040d16e7ff9df0e360b8d7cc75
      size: 128902
  evaluate_model:
    cmd: python src/model_evaluation.py
    deps:
    - path: data/processed/test_processed.csv
      hash: md5
      md5: e15c0fd16b4646ddc159172c97b25926
      size: 1254
    - path: model.pkl
      hash: md5
      md5: 45d4af040d16e7ff9df0e360b8d7cc75
      size: 128902
    - path: src/model_evaluation.py
      hash: md5
      md5: 4e9ceea6b9a7f39cb845ea26bc758bea
      size: 1342
    params:
      params.yaml:
        feature_engineering.n_components: 3
        model_training.bootstrap: true
        model_training.criterion: entropy
        model_training.max_depth: 15
        model_training.n_estimators: 40
    outs:
    - path: metrics.json
      hash: md5
      md5: c41ab9f3780a2f918f038cc933b6fdd1
      size: 100
