schema: '2.0'
stages:
  data_ingestion:
    cmd: python src/data_ingestion.py
    deps:
    - path: src/data_ingestion.py
      hash: md5
      md5: a54f4c4ac1a9e1717ad184e1fb19efe7
      size: 455
    outs:
    - path: data/raw/test.csv
      hash: md5
      md5: 19d926610c923a88aaa10d4fc70c6d78
      size: 487
    - path: data/raw/train.csv
      hash: md5
      md5: 070370b7c17e826f248a00488f587ad3
      size: 1785
  feature_engineering:
    cmd: python src/feature_engineering.py
    deps:
    - path: data/raw/test.csv
      hash: md5
      md5: 19d926610c923a88aaa10d4fc70c6d78
      size: 487
    - path: data/raw/train.csv
      hash: md5
      md5: 070370b7c17e826f248a00488f587ad3
      size: 1785
    - path: src/feature_engineering.py
      hash: md5
      md5: cc32b68b1031c43b174f2883666e2cd0
      size: 1366
    params:
      params.yaml:
        feature_engineering.n_components: 3
    outs:
    - path: data/processed/test_processed.csv
      hash: md5
      md5: 6a1a3b94b508669cb1cd327f84dc9f60
      size: 1233
    - path: data/processed/train_processed.csv
      hash: md5
      md5: 08b3cf6f1bf2db1d3f71b8988601f386
      size: 4876
  train_model:
    cmd: python src/model_training.py
    deps:
    - path: data/processed/train_processed.csv
      hash: md5
      md5: 08b3cf6f1bf2db1d3f71b8988601f386
      size: 4876
    - path: src/model_training.py
      hash: md5
      md5: 04d4f53931512b25dc57bc52f781939d
      size: 910
    params:
      params.yaml:
        model_training.bootstrap: true
        model_training.criterion: entropy
        model_training.max_depth: 20
        model_training.n_estimators: 50
    outs:
    - path: model.pkl
      hash: md5
      md5: c22a35e96abdfd0264700e7c9d7eebab
      size: 175123
  evaluate_model:
    cmd: python src/model_evaluation.py
    deps:
    - path: data/processed/test_processed.csv
      hash: md5
      md5: 6a1a3b94b508669cb1cd327f84dc9f60
      size: 1233
    - path: model.pkl
      hash: md5
      md5: c22a35e96abdfd0264700e7c9d7eebab
      size: 175123
    - path: src/model_evaluation.py
      hash: md5
      md5: 4e9ceea6b9a7f39cb845ea26bc758bea
      size: 1342
    params:
      params.yaml:
        feature_engineering.n_components: 3
        model_training.bootstrap: true
        model_training.criterion: entropy
        model_training.max_depth: 20
        model_training.n_estimators: 50
    outs:
    - path: metrics.json
      hash: md5
      md5: b695ab5ff7e9d689afdfa39d74ce4a1f
      size: 97
